# This file was autogenerated by uv via the following command:
#    uv pip compile requirements.in -o requirements.lock
annotated-types==0.7.0
    # via pydantic
certifi==2026.1.4
    # via requests
cffi==2.0.0
    # via cryptography
charset-normalizer==3.4.4
    # via
    #   pdfminer-six
    #   requests
cryptography==46.0.4
    # via
    #   google-auth
    #   pdfminer-six
deprecated==1.3.1
    # via pikepdf
google-ai-generativelanguage==0.6.15
    # via google-generativeai
google-api-core==2.29.0
    # via
    #   google-ai-generativelanguage
    #   google-api-python-client
    #   google-generativeai
google-api-python-client==2.189.0
    # via google-generativeai
google-auth==2.48.0
    # via
    #   google-ai-generativelanguage
    #   google-api-core
    #   google-api-python-client
    #   google-auth-httplib2
    #   google-generativeai
google-auth-httplib2==0.3.0
    # via google-api-python-client
google-generativeai==0.8.6
    # via -r requirements.in
googleapis-common-protos==1.72.0
    # via
    #   google-api-core
    #   grpcio-status
grpcio==1.78.0
    # via
    #   google-api-core
    #   grpcio-status
grpcio-status==1.71.2
    # via google-api-core
httplib2==0.31.2
    # via
    #   google-api-python-client
    #   google-auth-httplib2
idna==3.11
    # via requests
lxml==6.0.2
    # via pikepdf
packaging==26.0
    # via pikepdf
pdfminer-six==20260107
    # via -r requirements.in
pikepdf==10.3.0
    # via -r requirements.in
pillow==12.1.0
    # via pikepdf
proto-plus==1.27.1
    # via
    #   google-ai-generativelanguage
    #   google-api-core
protobuf==5.29.6
    # via
    #   google-ai-generativelanguage
    #   google-api-core
    #   google-generativeai
    #   googleapis-common-protos
    #   grpcio-status
    #   proto-plus
pyasn1==0.6.2
    # via
    #   pyasn1-modules
    #   rsa
pyasn1-modules==0.4.2
    # via google-auth
pycparser==3.0
    # via cffi
pydantic==2.12.5
    # via google-generativeai
pydantic-core==2.41.5
    # via pydantic
pyparsing==3.3.2
    # via httplib2
python-dotenv==1.2.1
    # via -r requirements.in
requests==2.32.5
    # via google-api-core
rsa==4.9.1
    # via google-auth
tqdm==4.67.3
    # via
    #   -r requirements.in
    #   google-generativeai
typing-extensions==4.15.0
    # via
    #   google-generativeai
    #   grpcio
    #   pydantic
    #   pydantic-core
    #   typing-inspection
typing-inspection==0.4.2
    # via pydantic
uritemplate==4.2.0
    # via google-api-python-client
urllib3==2.6.3
    # via requests
watchdog==6.0.0
    # via -r requirements.in
wrapt==2.1.1
    # via deprecated
